
Microsoft Visual Studio Solution File, Format Version 12.00
# Visual Studio Version 17
VisualStudioVersion = 17.9.34723.18
MinimumVisualStudioVersion = 10.0.40219.1
Project("{FAE04EC0-301F-11D3-BF4B-00C04F79EFBC}") = "SistemaFacturacion", "SistemaFacturacion\SistemaFacturacion.csproj", "{4C447717-E543-4B1E-88F7-E0E78B750906}"
EndProject
Project("{FAE04EC0-301F-11D3-BF4B-00C04F79EFBC}") = "SistemaFacturacion.Client", "SistemaFacturacion.Client\SistemaFacturacion.Client.csproj", "{3177ACEC-48E5-4046-B983-97BF8A5BA391}"
EndProject
Global
	GlobalSection(SolutionConfigurationPlatforms) = preSolution
		Debug|Any CPU = Debug|Any CPU
		Release|Any CPU = Release|Any CPU
	EndGlobalSection
	GlobalSection(ProjectConfigurationPlatforms) = postSolution
		{4C447717-E543-4B1E-88F7-E0E78B750906}.Debug|Any CPU.ActiveCfg = Debug|Any CPU
		{4C447717-E543-4B1E-88F7-E0E78B750906}.Debug|Any CPU.Build.0 = Debug|Any CPU
		{4C447717-E543-4B1E-88F7-E0E78B750906}.Release|Any CPU.ActiveCfg = Release|Any CPU
		{4C447717-E543-4B1E-88F7-E0E78B750906}.Release|Any CPU.Build.0 = Release|Any CPU
		{3177ACEC-48E5-4046-B983-97BF8A5BA391}.Debug|Any CPU.ActiveCfg = Debug|Any CPU
		{3177ACEC-48E5-4046-B983-97BF8A5BA391}.Debug|Any CPU.Build.0 = Debug|Any CPU
		{3177ACEC-48E5-4046-B983-97BF8A5BA391}.Release|Any CPU.ActiveCfg = Release|Any CPU
		{3177ACEC-48E5-4046-B983-97BF8A5BA391}.Release|Any CPU.Build.0 = Release|Any CPU
	EndGlobalSection
	GlobalSection(SolutionProperties) = preSolution
		HideSolutionNode = FALSE
	EndGlobalSection
	GlobalSection(ExtensibilityGlobals) = postSolution
		SolutionGuid = {A7A26211-38A7-4CCA-963B-21A45DA418D6}
	EndGlobalSection
EndGlobal
